// !$*UTF8*$!
{
	archiveVersion = 1;
	classes = {
	};
	objectVersion = 50;
	objects = {

/* Begin PBXBuildFile section */
		2248F54E2682F4290099F69C /* DiskHelper.swift in Sources */ = {isa = PBXBuildFile; fileRef = 2248F54D2682F4290099F69C /* DiskHelper.swift */; };
		2248F5502682FC900099F69C /* Margins.swift in Sources */ = {isa = PBXBuildFile; fileRef = 2248F54F2682FC900099F69C /* Margins.swift */; };
		2248F5522682FDD00099F69C /* Credential.swift in Sources */ = {isa = PBXBuildFile; fileRef = 2248F5512682FDD00099F69C /* Credential.swift */; };
		22CE84D42650FAE200C830AF /* TVTrackerApp.swift in Sources */ = {isa = PBXBuildFile; fileRef = 22CE84C12650FAE000C830AF /* TVTrackerApp.swift */; };
		22CE84D62650FAE200C830AF /* ListOverview.swift in Sources */ = {isa = PBXBuildFile; fileRef = 22CE84C22650FAE000C830AF /* ListOverview.swift */; };
		22CE84D82650FAE200C830AF /* Assets.xcassets in Resources */ = {isa = PBXBuildFile; fileRef = 22CE84C32650FAE200C830AF /* Assets.xcassets */; };
		22CE84E32650FB1E00C830AF /* TMDb.swift in Sources */ = {isa = PBXBuildFile; fileRef = 22CE84E22650FB1E00C830AF /* TMDb.swift */; };
		22CE84E62650FB6C00C830AF /* TVShow.swift in Sources */ = {isa = PBXBuildFile; fileRef = 22CE84E52650FB6C00C830AF /* TVShow.swift */; };
		22CE84E92650FC5800C830AF /* HTTP.swift in Sources */ = {isa = PBXBuildFile; fileRef = 22CE84E82650FC5800C830AF /* HTTP.swift */; };
		22D01B0126655F66003AAE5E /* DataManager.swift in Sources */ = {isa = PBXBuildFile; fileRef = 22D01B0026655F66003AAE5E /* DataManager.swift */; };
		22D01B0426656451003AAE5E /* SearchView.swift in Sources */ = {isa = PBXBuildFile; fileRef = 22D01B0326656451003AAE5E /* SearchView.swift */; };
		22D01B07266B2679003AAE5E /* Debouncer.swift in Sources */ = {isa = PBXBuildFile; fileRef = 22D01B06266B2679003AAE5E /* Debouncer.swift */; };
		22D01B0A266B2ECE003AAE5E /* RemoteImage.swift in Sources */ = {isa = PBXBuildFile; fileRef = 22D01B09266B2ECE003AAE5E /* RemoteImage.swift */; };
		22E9435526805C83008A9E94 /* DateConstants.swift in Sources */ = {isa = PBXBuildFile; fileRef = 22E9435426805C83008A9E94 /* DateConstants.swift */; };
		22E943582681A3B0008A9E94 /* DetailView.swift in Sources */ = {isa = PBXBuildFile; fileRef = 22E943572681A3B0008A9E94 /* DetailView.swift */; };
/* End PBXBuildFile section */

/* Begin PBXFileReference section */
		2248F54D2682F4290099F69C /* DiskHelper.swift */ = {isa = PBXFileReference; lastKnownFileType = sourcecode.swift; path = DiskHelper.swift; sourceTree = "<group>"; };
		2248F54F2682FC900099F69C /* Margins.swift */ = {isa = PBXFileReference; lastKnownFileType = sourcecode.swift; path = Margins.swift; sourceTree = "<group>"; };
		2248F5512682FDD00099F69C /* Credential.swift */ = {isa = PBXFileReference; lastKnownFileType = sourcecode.swift; path = Credential.swift; sourceTree = "<group>"; };
		22CE84C12650FAE000C830AF /* TVTrackerApp.swift */ = {isa = PBXFileReference; lastKnownFileType = sourcecode.swift; path = TVTrackerApp.swift; sourceTree = "<group>"; };
		22CE84C22650FAE000C830AF /* ListOverview.swift */ = {isa = PBXFileReference; lastKnownFileType = sourcecode.swift; path = ListOverview.swift; sourceTree = "<group>"; };
		22CE84C32650FAE200C830AF /* Assets.xcassets */ = {isa = PBXFileReference; lastKnownFileType = folder.assetcatalog; path = Assets.xcassets; sourceTree = "<group>"; };
		22CE84C82650FAE200C830AF /* TV Tracker.app */ = {isa = PBXFileReference; explicitFileType = wrapper.application; includeInIndex = 0; path = "TV Tracker.app"; sourceTree = BUILT_PRODUCTS_DIR; };
		22CE84CB2650FAE200C830AF /* Info.plist */ = {isa = PBXFileReference; lastKnownFileType = text.plist.xml; path = Info.plist; sourceTree = "<group>"; };
		22CE84E22650FB1E00C830AF /* TMDb.swift */ = {isa = PBXFileReference; lastKnownFileType = sourcecode.swift; path = TMDb.swift; sourceTree = "<group>"; };
		22CE84E52650FB6C00C830AF /* TVShow.swift */ = {isa = PBXFileReference; lastKnownFileType = sourcecode.swift; path = TVShow.swift; sourceTree = "<group>"; };
		22CE84E82650FC5800C830AF /* HTTP.swift */ = {isa = PBXFileReference; lastKnownFileType = sourcecode.swift; path = HTTP.swift; sourceTree = "<group>"; };
		22D01B0026655F66003AAE5E /* DataManager.swift */ = {isa = PBXFileReference; lastKnownFileType = sourcecode.swift; path = DataManager.swift; sourceTree = "<group>"; };
		22D01B0326656451003AAE5E /* SearchView.swift */ = {isa = PBXFileReference; lastKnownFileType = sourcecode.swift; path = SearchView.swift; sourceTree = "<group>"; };
		22D01B06266B2679003AAE5E /* Debouncer.swift */ = {isa = PBXFileReference; lastKnownFileType = sourcecode.swift; path = Debouncer.swift; sourceTree = "<group>"; };
		22D01B09266B2ECE003AAE5E /* RemoteImage.swift */ = {isa = PBXFileReference; lastKnownFileType = sourcecode.swift; path = RemoteImage.swift; sourceTree = "<group>"; };
		22E9435426805C83008A9E94 /* DateConstants.swift */ = {isa = PBXFileReference; lastKnownFileType = sourcecode.swift; path = DateConstants.swift; sourceTree = "<group>"; };
		22E943572681A3B0008A9E94 /* DetailView.swift */ = {isa = PBXFileReference; lastKnownFileType = sourcecode.swift; path = DetailView.swift; sourceTree = "<group>"; };
/* End PBXFileReference section */

/* Begin PBXFrameworksBuildPhase section */
		22CE84C52650FAE200C830AF /* Frameworks */ = {
			isa = PBXFrameworksBuildPhase;
			buildActionMask = 2147483647;
			files = (
			);
			runOnlyForDeploymentPostprocessing = 0;
		};
/* End PBXFrameworksBuildPhase section */

/* Begin PBXGroup section */
		22CE84BB2650FAE000C830AF = {
			isa = PBXGroup;
			children = (
				22CE84C02650FAE000C830AF /* Shared */,
				22CE84C92650FAE200C830AF /* Products */,
			);
			sourceTree = "<group>";
		};
		22CE84C02650FAE000C830AF /* Shared */ = {
			isa = PBXGroup;
			children = (
				22CE84C12650FAE000C830AF /* TVTrackerApp.swift */,
				22D01AFE26655EEB003AAE5E /* Views */,
				22D01AFD26655ED6003AAE5E /* API */,
				22D01AFF26655EF0003AAE5E /* Models */,
				22CE84C32650FAE200C830AF /* Assets.xcassets */,
				22CE84CB2650FAE200C830AF /* Info.plist */,
			);
			path = Shared;
			sourceTree = "<group>";
		};
		22CE84C92650FAE200C830AF /* Products */ = {
			isa = PBXGroup;
			children = (
				22CE84C82650FAE200C830AF /* TV Tracker.app */,
			);
			name = Products;
			sourceTree = "<group>";
		};
		22D01AFD26655ED6003AAE5E /* API */ = {
			isa = PBXGroup;
			children = (
				22CE84E22650FB1E00C830AF /* TMDb.swift */,
				2248F5512682FDD00099F69C /* Credential.swift */,
				22CE84E82650FC5800C830AF /* HTTP.swift */,
				22D01B06266B2679003AAE5E /* Debouncer.swift */,
			);
			path = API;
			sourceTree = "<group>";
		};
		22D01AFE26655EEB003AAE5E /* Views */ = {
			isa = PBXGroup;
			children = (
				22CE84C22650FAE000C830AF /* ListOverview.swift */,
				22E943572681A3B0008A9E94 /* DetailView.swift */,
				22D01B0326656451003AAE5E /* SearchView.swift */,
				22D01B09266B2ECE003AAE5E /* RemoteImage.swift */,
			);
			path = Views;
			sourceTree = "<group>";
		};
		22D01AFF26655EF0003AAE5E /* Models */ = {
			isa = PBXGroup;
			children = (
				22CE84E52650FB6C00C830AF /* TVShow.swift */,
				22D01B0026655F66003AAE5E /* DataManager.swift */,
				2248F54D2682F4290099F69C /* DiskHelper.swift */,
				22E9435426805C83008A9E94 /* DateConstants.swift */,
				2248F54F2682FC900099F69C /* Margins.swift */,
			);
			path = Models;
			sourceTree = "<group>";
		};
/* End PBXGroup section */

/* Begin PBXNativeTarget section */
		22CE84C72650FAE200C830AF /* TV Tracker (iOS) */ = {
			isa = PBXNativeTarget;
			buildConfigurationList = 22CE84DC2650FAE200C830AF /* Build configuration list for PBXNativeTarget "TV Tracker (iOS)" */;
			buildPhases = (
				22CE84C42650FAE200C830AF /* Sources */,
				22CE84C52650FAE200C830AF /* Frameworks */,
				22CE84C62650FAE200C830AF /* Resources */,
			);
			buildRules = (
			);
			dependencies = (
			);
			name = "TV Tracker (iOS)";
			productName = "TV Tracker (iOS)";
			productReference = 22CE84C82650FAE200C830AF /* TV Tracker.app */;
			productType = "com.apple.product-type.application";
		};
/* End PBXNativeTarget section */

/* Begin PBXProject section */
		22CE84BC2650FAE000C830AF /* Project object */ = {
			isa = PBXProject;
			attributes = {
				LastSwiftUpdateCheck = 1250;
				LastUpgradeCheck = 1250;
				TargetAttributes = {
					22CE84C72650FAE200C830AF = {
						CreatedOnToolsVersion = 12.5;
					};
				};
			};
			buildConfigurationList = 22CE84BF2650FAE000C830AF /* Build configuration list for PBXProject "TV Tracker" */;
			compatibilityVersion = "Xcode 9.3";
			developmentRegion = en;
			hasScannedForEncodings = 0;
			knownRegions = (
				en,
				Base,
			);
			mainGroup = 22CE84BB2650FAE000C830AF;
			productRefGroup = 22CE84C92650FAE200C830AF /* Products */;
			projectDirPath = "";
			projectRoot = "";
			targets = (
				22CE84C72650FAE200C830AF /* TV Tracker (iOS) */,
			);
		};
/* End PBXProject section */

/* Begin PBXResourcesBuildPhase section */
		22CE84C62650FAE200C830AF /* Resources */ = {
			isa = PBXResourcesBuildPhase;
			buildActionMask = 2147483647;
			files = (
				22CE84D82650FAE200C830AF /* Assets.xcassets in Resources */,
			);
			runOnlyForDeploymentPostprocessing = 0;
		};
/* End PBXResourcesBuildPhase section */

/* Begin PBXSourcesBuildPhase section */
		22CE84C42650FAE200C830AF /* Sources */ = {
			isa = PBXSourcesBuildPhase;
			buildActionMask = 2147483647;
			files = (
				22D01B0A266B2ECE003AAE5E /* RemoteImage.swift in Sources */,
				22CE84E92650FC5800C830AF /* HTTP.swift in Sources */,
				22D01B07266B2679003AAE5E /* Debouncer.swift in Sources */,
				22D01B0126655F66003AAE5E /* DataManager.swift in Sources */,
				22CE84D62650FAE200C830AF /* ListOverview.swift in Sources */,
				22E943582681A3B0008A9E94 /* DetailView.swift in Sources */,
				2248F54E2682F4290099F69C /* DiskHelper.swift in Sources */,
				22D01B0426656451003AAE5E /* SearchView.swift in Sources */,
				2248F5522682FDD00099F69C /* Credential.swift in Sources */,
				22CE84E32650FB1E00C830AF /* TMDb.swift in Sources */,
				22E9435526805C83008A9E94 /* DateConstants.swift in Sources */,
				2248F5502682FC900099F69C /* Margins.swift in Sources */,
				22CE84E62650FB6C00C830AF /* TVShow.swift in Sources */,
				22CE84D42650FAE200C830AF /* TVTrackerApp.swift in Sources */,
			);
			runOnlyForDeploymentPostprocessing = 0;
		};
/* End PBXSourcesBuildPhase section */

/* Begin XCBuildConfiguration section */
		22CE84DA2650FAE200C830AF /* Debug */ = {
			isa = XCBuildConfiguration;
			buildSettings = {
				ALWAYS_SEARCH_USER_PATHS = NO;
				CLANG_ANALYZER_NONNULL = YES;
				CLANG_ANALYZER_NUMBER_OBJECT_CONVERSION = YES_AGGRESSIVE;
				CLANG_CXX_LANGUAGE_STANDARD = "gnu++14";
				CLANG_CXX_LIBRARY = "libc++";
				CLANG_ENABLE_MODULES = YES;
				CLANG_ENABLE_OBJC_ARC = YES;
				CLANG_ENABLE_OBJC_WEAK = YES;
				CLANG_WARN_BLOCK_CAPTURE_AUTORELEASING = YES;
				CLANG_WARN_BOOL_CONVERSION = YES;
				CLANG_WARN_COMMA = YES;
				CLANG_WARN_CONSTANT_CONVERSION = YES;
				CLANG_WARN_DEPRECATED_OBJC_IMPLEMENTATIONS = YES;
				CLANG_WARN_DIRECT_OBJC_ISA_USAGE = YES_ERROR;
				CLANG_WARN_DOCUMENTATION_COMMENTS = YES;
				CLANG_WARN_EMPTY_BODY = YES;
				CLANG_WARN_ENUM_CONVERSION = YES;
				CLANG_WARN_INFINITE_RECURSION = YES;
				CLANG_WARN_INT_CONVERSION = YES;
				CLANG_WARN_NON_LITERAL_NULL_CONVERSION = YES;
				CLANG_WARN_OBJC_IMPLICIT_RETAIN_SELF = YES;
				CLANG_WARN_OBJC_LITERAL_CONVERSION = YES;
				CLANG_WARN_OBJC_ROOT_CLASS = YES_ERROR;
				CLANG_WARN_QUOTED_INCLUDE_IN_FRAMEWORK_HEADER = YES;
				CLANG_WARN_RANGE_LOOP_ANALYSIS = YES;
				CLANG_WARN_STRICT_PROTOTYPES = YES;
				CLANG_WARN_SUSPICIOUS_MOVE = YES;
				CLANG_WARN_UNGUARDED_AVAILABILITY = YES_AGGRESSIVE;
				CLANG_WARN_UNREACHABLE_CODE = YES;
				CLANG_WARN__DUPLICATE_METHOD_MATCH = YES;
				COPY_PHASE_STRIP = NO;
				DEBUG_INFORMATION_FORMAT = dwarf;
				ENABLE_STRICT_OBJC_MSGSEND = YES;
				ENABLE_TESTABILITY = YES;
				GCC_C_LANGUAGE_STANDARD = gnu11;
				GCC_DYNAMIC_NO_PIC = NO;
				GCC_NO_COMMON_BLOCKS = YES;
				GCC_OPTIMIZATION_LEVEL = 0;
				GCC_PREPROCESSOR_DEFINITIONS = (
					"DEBUG=1",
					"$(inherited)",
				);
				GCC_WARN_64_TO_32_BIT_CONVERSION = YES;
				GCC_WARN_ABOUT_RETURN_TYPE = YES_ERROR;
				GCC_WARN_UNDECLARED_SELECTOR = YES;
				GCC_WARN_UNINITIALIZED_AUTOS = YES_AGGRESSIVE;
				GCC_WARN_UNUSED_FUNCTION = YES;
				GCC_WARN_UNUSED_VARIABLE = YES;
				MTL_ENABLE_DEBUG_INFO = INCLUDE_SOURCE;
				MTL_FAST_MATH = YES;
				ONLY_ACTIVE_ARCH = YES;
				SWIFT_ACTIVE_COMPILATION_CONDITIONS = DEBUG;
				SWIFT_OPTIMIZATION_LEVEL = "-Onone";
			};
			name = Debug;
		};
		22CE84DB2650FAE200C830AF /* Release */ = {
			isa = XCBuildConfiguration;
			buildSettings = {
				ALWAYS_SEARCH_USER_PATHS = NO;
				CLANG_ANALYZER_NONNULL = YES;
				CLANG_ANALYZER_NUMBER_OBJECT_CONVERSION = YES_AGGRESSIVE;
				CLANG_CXX_LANGUAGE_STANDARD = "gnu++14";
				CLANG_CXX_LIBRARY = "libc++";
				CLANG_ENABLE_MODULES = YES;
				CLANG_ENABLE_OBJC_ARC = YES;
				CLANG_ENABLE_OBJC_WEAK = YES;
				CLANG_WARN_BLOCK_CAPTURE_AUTORELEASING = YES;
				CLANG_WARN_BOOL_CONVERSION = YES;
				CLANG_WARN_COMMA = YES;
				CLANG_WARN_CONSTANT_CONVERSION = YES;
				CLANG_WARN_DEPRECATED_OBJC_IMPLEMENTATIONS = YES;
				CLANG_WARN_DIRECT_OBJC_ISA_USAGE = YES_ERROR;
				CLANG_WARN_DOCUMENTATION_COMMENTS = YES;
				CLANG_WARN_EMPTY_BODY = YES;
				CLANG_WARN_ENUM_CONVERSION = YES;
				CLANG_WARN_INFINITE_RECURSION = YES;
				CLANG_WARN_INT_CONVERSION = YES;
				CLANG_WARN_NON_LITERAL_NULL_CONVERSION = YES;
				CLANG_WARN_OBJC_IMPLICIT_RETAIN_SELF = YES;
				CLANG_WARN_OBJC_LITERAL_CONVERSION = YES;
				CLANG_WARN_OBJC_ROOT_CLASS = YES_ERROR;
				CLANG_WARN_QUOTED_INCLUDE_IN_FRAMEWORK_HEADER = YES;
				CLANG_WARN_RANGE_LOOP_ANALYSIS = YES;
				CLANG_WARN_STRICT_PROTOTYPES = YES;
				CLANG_WARN_SUSPICIOUS_MOVE = YES;
				CLANG_WARN_UNGUARDED_AVAILABILITY = YES_AGGRESSIVE;
				CLANG_WARN_UNREACHABLE_CODE = YES;
				CLANG_WARN__DUPLICATE_METHOD_MATCH = YES;
				COPY_PHASE_STRIP = NO;
				DEBUG_INFORMATION_FORMAT = "dwarf-with-dsym";
				ENABLE_NS_ASSERTIONS = NO;
				ENABLE_STRICT_OBJC_MSGSEND = YES;
				GCC_C_LANGUAGE_STANDARD = gnu11;
				GCC_NO_COMMON_BLOCKS = YES;
				GCC_WARN_64_TO_32_BIT_CONVERSION = YES;
				GCC_WARN_ABOUT_RETURN_TYPE = YES_ERROR;
				GCC_WARN_UNDECLARED_SELECTOR = YES;
				GCC_WARN_UNINITIALIZED_AUTOS = YES_AGGRESSIVE;
				GCC_WARN_UNUSED_FUNCTION = YES;
				GCC_WARN_UNUSED_VARIABLE = YES;
				MTL_ENABLE_DEBUG_INFO = NO;
				MTL_FAST_MATH = YES;
				SWIFT_COMPILATION_MODE = wholemodule;
				SWIFT_OPTIMIZATION_LEVEL = "-O";
			};
			name = Release;
		};
		22CE84DD2650FAE200C830AF /* Debug */ = {
			isa = XCBuildConfiguration;
			buildSettings = {
				ASSETCATALOG_COMPILER_APPICON_NAME = AppIcon;
				ASSETCATALOG_COMPILER_GLOBAL_ACCENT_COLOR_NAME = AccentColor;
				CODE_SIGN_STYLE = Automatic;
				DEVELOPMENT_TEAM = 7BT7DC73YL;
				ENABLE_PREVIEWS = YES;
				INFOPLIST_FILE = Shared/Info.plist;
				IPHONEOS_DEPLOYMENT_TARGET = 15.0;
				LD_RUNPATH_SEARCH_PATHS = (
					"$(inherited)",
					"@executable_path/Frameworks",
				);
				PRODUCT_BUNDLE_IDENTIFIER = "com.timroesner.TV-Tracker";
				PRODUCT_NAME = "TV Tracker";
				SDKROOT = iphoneos;
				SWIFT_VERSION = 5.0;
				TARGETED_DEVICE_FAMILY = "1,2";
			};
			name = Debug;
		};
		22CE84DE2650FAE200C830AF /* Release */ = {
			isa = XCBuildConfiguration;
			buildSettings = {
				ASSETCATALOG_COMPILER_APPICON_NAME = AppIcon;
				ASSETCATALOG_COMPILER_GLOBAL_ACCENT_COLOR_NAME = AccentColor;
				CODE_SIGN_STYLE = Automatic;
				DEVELOPMENT_TEAM = 7BT7DC73YL;
				ENABLE_PREVIEWS = YES;
				INFOPLIST_FILE = Shared/Info.plist;
				IPHONEOS_DEPLOYMENT_TARGET = 15.0;
				LD_RUNPATH_SEARCH_PATHS = (
					"$(inherited)",
					"@executable_path/Frameworks",
				);
				PRODUCT_BUNDLE_IDENTIFIER = "com.timroesner.TV-Tracker";
				PRODUCT_NAME = "TV Tracker";
				SDKROOT = iphoneos;
				SWIFT_VERSION = 5.0;
				TARGETED_DEVICE_FAMILY = "1,2";
				VALIDATE_PRODUCT = YES;
			};
			name = Release;
		};
/* End XCBuildConfiguration section */

/* Begin XCConfigurationList section */
		22CE84BF2650FAE000C830AF /* Build configuration list for PBXProject "TV Tracker" */ = {
			isa = XCConfigurationList;
			buildConfigurations = (
				22CE84DA2650FAE200C830AF /* Debug */,
				22CE84DB2650FAE200C830AF /* Release */,
			);
			defaultConfigurationIsVisible = 0;
			defaultConfigurationName = Release;
		};
		22CE84DC2650FAE200C830AF /* Build configuration list for PBXNativeTarget "TV Tracker (iOS)" */ = {
			isa = XCConfigurationList;
			buildConfigurations = (
				22CE84DD2650FAE200C830AF /* Debug */,
				22CE84DE2650FAE200C830AF /* Release */,
			);
			defaultConfigurationIsVisible = 0;
			defaultConfigurationName = Release;
		};
/* End XCConfigurationList section */
	};
	rootObject = 22CE84BC2650FAE000C830AF /* Project object */;
}
